
Microsoft Visual Studio Solution File, Format Version 12.00
# Visual Studio Version 17
VisualStudioVersion = 17.2.32526.322
MinimumVisualStudioVersion = 10.0.40219.1
Project("{9A19103F-16F7-4668-BE54-9A1E7A4F7556}") = "MyGeotabHelper", "MyGeotabHelper\MyGeotabHelper.csproj", "{DC7C64BD-2A9F-4A82-B83E-7883D95852C0}"
EndProject
Project("{FAE04EC0-301F-11D3-BF4B-00C04F79EFBC}") = "MyGeotabHelperTest", "MyGeotabHelperTest\MyGeotabHelperTest.csproj", "{CD4B69B9-ED21-40F9-AC17-2C769CFA9533}"
EndProject
Project("{2150E333-8FDC-42A3-9474-1A3956D46DE8}") = "Solution Items", "Solution Items", "{44832FD2-06C0-4233-A24A-2B4FBCD9876B}"
	ProjectSection(SolutionItems) = preProject
		.gitignore = .gitignore
	EndProjectSection
EndProject
Global
	GlobalSection(SolutionConfigurationPlatforms) = preSolution
		Debug|Any CPU = Debug|Any CPU
		Release|Any CPU = Release|Any CPU
	EndGlobalSection
	GlobalSection(ProjectConfigurationPlatforms) = postSolution
		{DC7C64BD-2A9F-4A82-B83E-7883D95852C0}.Debug|Any CPU.ActiveCfg = Debug|Any CPU
		{DC7C64BD-2A9F-4A82-B83E-7883D95852C0}.Debug|Any CPU.Build.0 = Debug|Any CPU
		{DC7C64BD-2A9F-4A82-B83E-7883D95852C0}.Release|Any CPU.ActiveCfg = Release|Any CPU
		{DC7C64BD-2A9F-4A82-B83E-7883D95852C0}.Release|Any CPU.Build.0 = Release|Any CPU
		{CD4B69B9-ED21-40F9-AC17-2C769CFA9533}.Debug|Any CPU.ActiveCfg = Debug|Any CPU
		{CD4B69B9-ED21-40F9-AC17-2C769CFA9533}.Debug|Any CPU.Build.0 = Debug|Any CPU
		{CD4B69B9-ED21-40F9-AC17-2C769CFA9533}.Release|Any CPU.ActiveCfg = Release|Any CPU
		{CD4B69B9-ED21-40F9-AC17-2C769CFA9533}.Release|Any CPU.Build.0 = Release|Any CPU
	EndGlobalSection
	GlobalSection(SolutionProperties) = preSolution
		HideSolutionNode = FALSE
	EndGlobalSection
	GlobalSection(ExtensibilityGlobals) = postSolution
		SolutionGuid = {4B344E4F-E791-43EA-B09B-599A302DB359}
	EndGlobalSection
EndGlobal
